// !$*UTF8*$!
{
	archiveVersion = 1;
	classes = {
	};
	objectVersion = 55;
	objects = {

/* Begin PBXBuildFile section */
		50A345CD273C6BCA00BAFC80 /* PageControl.swift in Sources */ = {isa = PBXBuildFile; fileRef = 50A345CC273C6BCA00BAFC80 /* PageControl.swift */; };
		50D6483B273AD4C800CB621E /* Modes_V1App.swift in Sources */ = {isa = PBXBuildFile; fileRef = 50D6483A273AD4C800CB621E /* Modes_V1App.swift */; };
		50D6483D273AD4C800CB621E /* ContentView.swift in Sources */ = {isa = PBXBuildFile; fileRef = 50D6483C273AD4C800CB621E /* ContentView.swift */; };
		50D6483F273AD4C900CB621E /* Assets.xcassets in Resources */ = {isa = PBXBuildFile; fileRef = 50D6483E273AD4C900CB621E /* Assets.xcassets */; };
		50D64842273AD4C900CB621E /* Preview Assets.xcassets in Resources */ = {isa = PBXBuildFile; fileRef = 50D64841273AD4C900CB621E /* Preview Assets.xcassets */; };
		50D6484A273C2CA500CB621E /* AudioKit in Frameworks */ = {isa = PBXBuildFile; productRef = 50D64849273C2CA500CB621E /* AudioKit */; };
		50D6484D273C2CBF00CB621E /* SoundpipeAudioKit in Frameworks */ = {isa = PBXBuildFile; productRef = 50D6484C273C2CBF00CB621E /* SoundpipeAudioKit */; };
		50D64850273C2CEA00CB621E /* SporthAudioKit in Frameworks */ = {isa = PBXBuildFile; productRef = 50D6484F273C2CEA00CB621E /* SporthAudioKit */; };
		50D64853273C2D0C00CB621E /* DunneAudioKit in Frameworks */ = {isa = PBXBuildFile; productRef = 50D64852273C2D0C00CB621E /* DunneAudioKit */; };
/* End PBXBuildFile section */

/* Begin PBXFileReference section */
		50A345CC273C6BCA00BAFC80 /* PageControl.swift */ = {isa = PBXFileReference; lastKnownFileType = sourcecode.swift; path = PageControl.swift; sourceTree = "<group>"; };
		50D64837273AD4C800CB621E /* Modes V1.app */ = {isa = PBXFileReference; explicitFileType = wrapper.application; includeInIndex = 0; path = "Modes V1.app"; sourceTree = BUILT_PRODUCTS_DIR; };
		50D6483A273AD4C800CB621E /* Modes_V1App.swift */ = {isa = PBXFileReference; lastKnownFileType = sourcecode.swift; path = Modes_V1App.swift; sourceTree = "<group>"; };
		50D6483C273AD4C800CB621E /* ContentView.swift */ = {isa = PBXFileReference; lastKnownFileType = sourcecode.swift; path = ContentView.swift; sourceTree = "<group>"; };
		50D6483E273AD4C900CB621E /* Assets.xcassets */ = {isa = PBXFileReference; lastKnownFileType = folder.assetcatalog; path = Assets.xcassets; sourceTree = "<group>"; };
		50D64841273AD4C900CB621E /* Preview Assets.xcassets */ = {isa = PBXFileReference; lastKnownFileType = folder.assetcatalog; path = "Preview Assets.xcassets"; sourceTree = "<group>"; };
/* End PBXFileReference section */

/* Begin PBXFrameworksBuildPhase section */
		50D64834273AD4C800CB621E /* Frameworks */ = {
			isa = PBXFrameworksBuildPhase;
			buildActionMask = 2147483647;
			files = (
				50D6484D273C2CBF00CB621E /* SoundpipeAudioKit in Frameworks */,
				50D64853273C2D0C00CB621E /* DunneAudioKit in Frameworks */,
				50D64850273C2CEA00CB621E /* SporthAudioKit in Frameworks */,
				50D6484A273C2CA500CB621E /* AudioKit in Frameworks */,
			);
			runOnlyForDeploymentPostprocessing = 0;
		};
/* End PBXFrameworksBuildPhase section */

/* Begin PBXGroup section */
		50D6482E273AD4C700CB621E = {
			isa = PBXGroup;
			children = (
				50D64839273AD4C800CB621E /* Modes V1 */,
				50D64838273AD4C800CB621E /* Products */,
			);
			sourceTree = "<group>";
		};
		50D64838273AD4C800CB621E /* Products */ = {
			isa = PBXGroup;
			children = (
				50D64837273AD4C800CB621E /* Modes V1.app */,
			);
			name = Products;
			sourceTree = "<group>";
		};
		50D64839273AD4C800CB621E /* Modes V1 */ = {
			isa = PBXGroup;
			children = (
				50D6483A273AD4C800CB621E /* Modes_V1App.swift */,
				50D6483C273AD4C800CB621E /* ContentView.swift */,
				50A345CC273C6BCA00BAFC80 /* PageControl.swift */,
				50D6483E273AD4C900CB621E /* Assets.xcassets */,
				50D64840273AD4C900CB621E /* Preview Content */,
			);
			path = "Modes V1";
			sourceTree = "<group>";
		};
		50D64840273AD4C900CB621E /* Preview Content */ = {
			isa = PBXGroup;
			children = (
				50D64841273AD4C900CB621E /* Preview Assets.xcassets */,
			);
			path = "Preview Content";
			sourceTree = "<group>";
		};
/* End PBXGroup section */

/* Begin PBXNativeTarget section */
		50D64836273AD4C800CB621E /* Modes V1 */ = {
			isa = PBXNativeTarget;
			buildConfigurationList = 50D64845273AD4C900CB621E /* Build configuration list for PBXNativeTarget "Modes V1" */;
			buildPhases = (
				50D64833273AD4C800CB621E /* Sources */,
				50D64834273AD4C800CB621E /* Frameworks */,
				50D64835273AD4C800CB621E /* Resources */,
			);
			buildRules = (
			);
			dependencies = (
			);
			name = "Modes V1";
			packageProductDependencies = (
				50D64849273C2CA500CB621E /* AudioKit */,
				50D6484C273C2CBF00CB621E /* SoundpipeAudioKit */,
				50D6484F273C2CEA00CB621E /* SporthAudioKit */,
				50D64852273C2D0C00CB621E /* DunneAudioKit */,
			);
			productName = "Modes V1";
			productReference = 50D64837273AD4C800CB621E /* Modes V1.app */;
			productType = "com.apple.product-type.application";
		};
/* End PBXNativeTarget section */

/* Begin PBXProject section */
		50D6482F273AD4C700CB621E /* Project object */ = {
			isa = PBXProject;
			attributes = {
				BuildIndependentTargetsInParallel = 1;
				LastSwiftUpdateCheck = 1310;
				LastUpgradeCheck = 1310;
				TargetAttributes = {
					50D64836273AD4C800CB621E = {
						CreatedOnToolsVersion = 13.1;
					};
				};
			};
			buildConfigurationList = 50D64832273AD4C700CB621E /* Build configuration list for PBXProject "Modes V1" */;
			compatibilityVersion = "Xcode 13.0";
			developmentRegion = en;
			hasScannedForEncodings = 0;
			knownRegions = (
				en,
				Base,
			);
			mainGroup = 50D6482E273AD4C700CB621E;
			packageReferences = (
				50D64848273C2CA500CB621E /* XCRemoteSwiftPackageReference "AudioKit" */,
				50D6484B273C2CBF00CB621E /* XCRemoteSwiftPackageReference "SoundpipeAudioKit" */,
				50D6484E273C2CEA00CB621E /* XCRemoteSwiftPackageReference "SporthAudioKit" */,
				50D64851273C2D0C00CB621E /* XCRemoteSwiftPackageReference "DunneAudioKit" */,
			);
			productRefGroup = 50D64838273AD4C800CB621E /* Products */;
			projectDirPath = "";
			projectRoot = "";
			targets = (
				50D64836273AD4C800CB621E /* Modes V1 */,
			);
		};
/* End PBXProject section */

/* Begin PBXResourcesBuildPhase section */
		50D64835273AD4C800CB621E /* Resources */ = {
			isa = PBXResourcesBuildPhase;
			buildActionMask = 2147483647;
			files = (
				50D64842273AD4C900CB621E /* Preview Assets.xcassets in Resources */,
				50D6483F273AD4C900CB621E /* Assets.xcassets in Resources */,
			);
			runOnlyForDeploymentPostprocessing = 0;
		};
/* End PBXResourcesBuildPhase section */

/* Begin PBXSourcesBuildPhase section */
		50D64833273AD4C800CB621E /* Sources */ = {
			isa = PBXSourcesBuildPhase;
			buildActionMask = 2147483647;
			files = (
				50D6483D273AD4C800CB621E /* ContentView.swift in Sources */,
				50D6483B273AD4C800CB621E /* Modes_V1App.swift in Sources */,
				50A345CD273C6BCA00BAFC80 /* PageControl.swift in Sources */,
			);
			runOnlyForDeploymentPostprocessing = 0;
		};
/* End PBXSourcesBuildPhase section */

/* Begin XCBuildConfiguration section */
		50D64843273AD4C900CB621E /* Debug */ = {
			isa = XCBuildConfiguration;
			buildSettings = {
				ALWAYS_SEARCH_USER_PATHS = NO;
				CLANG_ANALYZER_NONNULL = YES;
				CLANG_ANALYZER_NUMBER_OBJECT_CONVERSION = YES_AGGRESSIVE;
				CLANG_CXX_LANGUAGE_STANDARD = "gnu++17";
				CLANG_CXX_LIBRARY = "libc++";
				CLANG_ENABLE_MODULES = YES;
				CLANG_ENABLE_OBJC_ARC = YES;
				CLANG_ENABLE_OBJC_WEAK = YES;
				CLANG_WARN_BLOCK_CAPTURE_AUTORELEASING = YES;
				CLANG_WARN_BOOL_CONVERSION = YES;
				CLANG_WARN_COMMA = YES;
				CLANG_WARN_CONSTANT_CONVERSION = YES;
				CLANG_WARN_DEPRECATED_OBJC_IMPLEMENTATIONS = YES;
				CLANG_WARN_DIRECT_OBJC_ISA_USAGE = YES_ERROR;
				CLANG_WARN_DOCUMENTATION_COMMENTS = YES;
				CLANG_WARN_EMPTY_BODY = YES;
				CLANG_WARN_ENUM_CONVERSION = YES;
				CLANG_WARN_INFINITE_RECURSION = YES;
				CLANG_WARN_INT_CONVERSION = YES;
				CLANG_WARN_NON_LITERAL_NULL_CONVERSION = YES;
				CLANG_WARN_OBJC_IMPLICIT_RETAIN_SELF = YES;
				CLANG_WARN_OBJC_LITERAL_CONVERSION = YES;
				CLANG_WARN_OBJC_ROOT_CLASS = YES_ERROR;
				CLANG_WARN_QUOTED_INCLUDE_IN_FRAMEWORK_HEADER = YES;
				CLANG_WARN_RANGE_LOOP_ANALYSIS = YES;
				CLANG_WARN_STRICT_PROTOTYPES = YES;
				CLANG_WARN_SUSPICIOUS_MOVE = YES;
				CLANG_WARN_UNGUARDED_AVAILABILITY = YES_AGGRESSIVE;
				CLANG_WARN_UNREACHABLE_CODE = YES;
				CLANG_WARN__DUPLICATE_METHOD_MATCH = YES;
				COPY_PHASE_STRIP = NO;
				DEBUG_INFORMATION_FORMAT = dwarf;
				ENABLE_STRICT_OBJC_MSGSEND = YES;
				ENABLE_TESTABILITY = YES;
				GCC_C_LANGUAGE_STANDARD = gnu11;
				GCC_DYNAMIC_NO_PIC = NO;
				GCC_NO_COMMON_BLOCKS = YES;
				GCC_OPTIMIZATION_LEVEL = 0;
				GCC_PREPROCESSOR_DEFINITIONS = (
					"DEBUG=1",
					"$(inherited)",
				);
				GCC_WARN_64_TO_32_BIT_CONVERSION = YES;
				GCC_WARN_ABOUT_RETURN_TYPE = YES_ERROR;
				GCC_WARN_UNDECLARED_SELECTOR = YES;
				GCC_WARN_UNINITIALIZED_AUTOS = YES_AGGRESSIVE;
				GCC_WARN_UNUSED_FUNCTION = YES;
				GCC_WARN_UNUSED_VARIABLE = YES;
				IPHONEOS_DEPLOYMENT_TARGET = 15.0;
				MTL_ENABLE_DEBUG_INFO = INCLUDE_SOURCE;
				MTL_FAST_MATH = YES;
				ONLY_ACTIVE_ARCH = YES;
				SDKROOT = iphoneos;
				SWIFT_ACTIVE_COMPILATION_CONDITIONS = DEBUG;
				SWIFT_OPTIMIZATION_LEVEL = "-Onone";
			};
			name = Debug;
		};
		50D64844273AD4C900CB621E /* Release */ = {
			isa = XCBuildConfiguration;
			buildSettings = {
				ALWAYS_SEARCH_USER_PATHS = NO;
				CLANG_ANALYZER_NONNULL = YES;
				CLANG_ANALYZER_NUMBER_OBJECT_CONVERSION = YES_AGGRESSIVE;
				CLANG_CXX_LANGUAGE_STANDARD = "gnu++17";
				CLANG_CXX_LIBRARY = "libc++";
				CLANG_ENABLE_MODULES = YES;
				CLANG_ENABLE_OBJC_ARC = YES;
				CLANG_ENABLE_OBJC_WEAK = YES;
				CLANG_WARN_BLOCK_CAPTURE_AUTORELEASING = YES;
				CLANG_WARN_BOOL_CONVERSION = YES;
				CLANG_WARN_COMMA = YES;
				CLANG_WARN_CONSTANT_CONVERSION = YES;
				CLANG_WARN_DEPRECATED_OBJC_IMPLEMENTATIONS = YES;
				CLANG_WARN_DIRECT_OBJC_ISA_USAGE = YES_ERROR;
				CLANG_WARN_DOCUMENTATION_COMMENTS = YES;
				CLANG_WARN_EMPTY_BODY = YES;
				CLANG_WARN_ENUM_CONVERSION = YES;
				CLANG_WARN_INFINITE_RECURSION = YES;
				CLANG_WARN_INT_CONVERSION = YES;
				CLANG_WARN_NON_LITERAL_NULL_CONVERSION = YES;
				CLANG_WARN_OBJC_IMPLICIT_RETAIN_SELF = YES;
				CLANG_WARN_OBJC_LITERAL_CONVERSION = YES;
				CLANG_WARN_OBJC_ROOT_CLASS = YES_ERROR;
				CLANG_WARN_QUOTED_INCLUDE_IN_FRAMEWORK_HEADER = YES;
				CLANG_WARN_RANGE_LOOP_ANALYSIS = YES;
				CLANG_WARN_STRICT_PROTOTYPES = YES;
				CLANG_WARN_SUSPICIOUS_MOVE = YES;
				CLANG_WARN_UNGUARDED_AVAILABILITY = YES_AGGRESSIVE;
				CLANG_WARN_UNREACHABLE_CODE = YES;
				CLANG_WARN__DUPLICATE_METHOD_MATCH = YES;
				COPY_PHASE_STRIP = NO;
				DEBUG_INFORMATION_FORMAT = "dwarf-with-dsym";
				ENABLE_NS_ASSERTIONS = NO;
				ENABLE_STRICT_OBJC_MSGSEND = YES;
				GCC_C_LANGUAGE_STANDARD = gnu11;
				GCC_NO_COMMON_BLOCKS = YES;
				GCC_WARN_64_TO_32_BIT_CONVERSION = YES;
				GCC_WARN_ABOUT_RETURN_TYPE = YES_ERROR;
				GCC_WARN_UNDECLARED_SELECTOR = YES;
				GCC_WARN_UNINITIALIZED_AUTOS = YES_AGGRESSIVE;
				GCC_WARN_UNUSED_FUNCTION = YES;
				GCC_WARN_UNUSED_VARIABLE = YES;
				IPHONEOS_DEPLOYMENT_TARGET = 15.0;
				MTL_ENABLE_DEBUG_INFO = NO;
				MTL_FAST_MATH = YES;
				SDKROOT = iphoneos;
				SWIFT_COMPILATION_MODE = wholemodule;
				SWIFT_OPTIMIZATION_LEVEL = "-O";
				VALIDATE_PRODUCT = YES;
			};
			name = Release;
		};
		50D64846273AD4C900CB621E /* Debug */ = {
			isa = XCBuildConfiguration;
			buildSettings = {
				ASSETCATALOG_COMPILER_APPICON_NAME = AppIcon;
				ASSETCATALOG_COMPILER_GLOBAL_ACCENT_COLOR_NAME = AccentColor;
				CODE_SIGN_STYLE = Automatic;
				CURRENT_PROJECT_VERSION = 1;
				DEVELOPMENT_ASSET_PATHS = "\"Modes V1/Preview Content\"";
				DEVELOPMENT_TEAM = XDPTRV2722;
				ENABLE_PREVIEWS = YES;
				GENERATE_INFOPLIST_FILE = YES;
				INFOPLIST_KEY_UIApplicationSceneManifest_Generation = YES;
				INFOPLIST_KEY_UIApplicationSupportsIndirectInputEvents = YES;
				INFOPLIST_KEY_UILaunchScreen_Generation = YES;
				INFOPLIST_KEY_UISupportedInterfaceOrientations_iPad = "UIInterfaceOrientationPortrait UIInterfaceOrientationPortraitUpsideDown UIInterfaceOrientationLandscapeLeft UIInterfaceOrientationLandscapeRight";
				INFOPLIST_KEY_UISupportedInterfaceOrientations_iPhone = "UIInterfaceOrientationPortrait UIInterfaceOrientationLandscapeLeft UIInterfaceOrientationLandscapeRight";
				LD_RUNPATH_SEARCH_PATHS = (
					"$(inherited)",
					"@executable_path/Frameworks",
				);
				MARKETING_VERSION = 1.0;
				PRODUCT_BUNDLE_IDENTIFIER = "ninja.xquan.Modes-V1";
				PRODUCT_NAME = "$(TARGET_NAME)";
				SWIFT_EMIT_LOC_STRINGS = YES;
				SWIFT_VERSION = 5.0;
				TARGETED_DEVICE_FAMILY = "1,2";
			};
			name = Debug;
		};
		50D64847273AD4C900CB621E /* Release */ = {
			isa = XCBuildConfiguration;
			buildSettings = {
				ASSETCATALOG_COMPILER_APPICON_NAME = AppIcon;
				ASSETCATALOG_COMPILER_GLOBAL_ACCENT_COLOR_NAME = AccentColor;
				CODE_SIGN_STYLE = Automatic;
				CURRENT_PROJECT_VERSION = 1;
				DEVELOPMENT_ASSET_PATHS = "\"Modes V1/Preview Content\"";
				DEVELOPMENT_TEAM = XDPTRV2722;
				ENABLE_PREVIEWS = YES;
				GENERATE_INFOPLIST_FILE = YES;
				INFOPLIST_KEY_UIApplicationSceneManifest_Generation = YES;
				INFOPLIST_KEY_UIApplicationSupportsIndirectInputEvents = YES;
				INFOPLIST_KEY_UILaunchScreen_Generation = YES;
				INFOPLIST_KEY_UISupportedInterfaceOrientations_iPad = "UIInterfaceOrientationPortrait UIInterfaceOrientationPortraitUpsideDown UIInterfaceOrientationLandscapeLeft UIInterfaceOrientationLandscapeRight";
				INFOPLIST_KEY_UISupportedInterfaceOrientations_iPhone = "UIInterfaceOrientationPortrait UIInterfaceOrientationLandscapeLeft UIInterfaceOrientationLandscapeRight";
				LD_RUNPATH_SEARCH_PATHS = (
					"$(inherited)",
					"@executable_path/Frameworks",
				);
				MARKETING_VERSION = 1.0;
				PRODUCT_BUNDLE_IDENTIFIER = "ninja.xquan.Modes-V1";
				PRODUCT_NAME = "$(TARGET_NAME)";
				SWIFT_EMIT_LOC_STRINGS = YES;
				SWIFT_VERSION = 5.0;
				TARGETED_DEVICE_FAMILY = "1,2";
			};
			name = Release;
		};
/* End XCBuildConfiguration section */

/* Begin XCConfigurationList section */
		50D64832273AD4C700CB621E /* Build configuration list for PBXProject "Modes V1" */ = {
			isa = XCConfigurationList;
			buildConfigurations = (
				50D64843273AD4C900CB621E /* Debug */,
				50D64844273AD4C900CB621E /* Release */,
			);
			defaultConfigurationIsVisible = 0;
			defaultConfigurationName = Release;
		};
		50D64845273AD4C900CB621E /* Build configuration list for PBXNativeTarget "Modes V1" */ = {
			isa = XCConfigurationList;
			buildConfigurations = (
				50D64846273AD4C900CB621E /* Debug */,
				50D64847273AD4C900CB621E /* Release */,
			);
			defaultConfigurationIsVisible = 0;
			defaultConfigurationName = Release;
		};
/* End XCConfigurationList section */

/* Begin XCRemoteSwiftPackageReference section */
		50D64848273C2CA500CB621E /* XCRemoteSwiftPackageReference "AudioKit" */ = {
			isa = XCRemoteSwiftPackageReference;
			repositoryURL = "https://github.com/AudioKit/AudioKit";
			requirement = {
				branch = main;
				kind = branch;
			};
		};
		50D6484B273C2CBF00CB621E /* XCRemoteSwiftPackageReference "SoundpipeAudioKit" */ = {
			isa = XCRemoteSwiftPackageReference;
			repositoryURL = "https://github.com/AudioKit/SoundpipeAudioKit/";
			requirement = {
				branch = main;
				kind = branch;
			};
		};
		50D6484E273C2CEA00CB621E /* XCRemoteSwiftPackageReference "SporthAudioKit" */ = {
			isa = XCRemoteSwiftPackageReference;
			repositoryURL = "https://github.com/AudioKit/SporthAudioKit";
			requirement = {
				kind = upToNextMajorVersion;
				minimumVersion = 5.0.0;
			};
		};
		50D64851273C2D0C00CB621E /* XCRemoteSwiftPackageReference "DunneAudioKit" */ = {
			isa = XCRemoteSwiftPackageReference;
			repositoryURL = "https://github.com/AudioKit/DunneAudioKit/";
			requirement = {
				kind = upToNextMajorVersion;
				minimumVersion = 5.0.0;
			};
		};
/* End XCRemoteSwiftPackageReference section */

/* Begin XCSwiftPackageProductDependency section */
		50D64849273C2CA500CB621E /* AudioKit */ = {
			isa = XCSwiftPackageProductDependency;
			package = 50D64848273C2CA500CB621E /* XCRemoteSwiftPackageReference "AudioKit" */;
			productName = AudioKit;
		};
		50D6484C273C2CBF00CB621E /* SoundpipeAudioKit */ = {
			isa = XCSwiftPackageProductDependency;
			package = 50D6484B273C2CBF00CB621E /* XCRemoteSwiftPackageReference "SoundpipeAudioKit" */;
			productName = SoundpipeAudioKit;
		};
		50D6484F273C2CEA00CB621E /* SporthAudioKit */ = {
			isa = XCSwiftPackageProductDependency;
			package = 50D6484E273C2CEA00CB621E /* XCRemoteSwiftPackageReference "SporthAudioKit" */;
			productName = SporthAudioKit;
		};
		50D64852273C2D0C00CB621E /* DunneAudioKit */ = {
			isa = XCSwiftPackageProductDependency;
			package = 50D64851273C2D0C00CB621E /* XCRemoteSwiftPackageReference "DunneAudioKit" */;
			productName = DunneAudioKit;
		};
/* End XCSwiftPackageProductDependency section */
	};
	rootObject = 50D6482F273AD4C700CB621E /* Project object */;
}
